
Microsoft Visual Studio Solution File, Format Version 12.00
# Visual Studio 15
VisualStudioVersion = 15.0.27428.2011
MinimumVisualStudioVersion = 10.0.40219.1
Project("{FAE04EC0-301F-11D3-BF4B-00C04F79EFBC}") = "mybatis-generate-win", "mybatis-generate-win\mybatis-generate-win.csproj", "{5830AD8F-E7AE-4519-AA3B-91E65343ACA3}"
EndProject
Global
	GlobalSection(SolutionConfigurationPlatforms) = preSolution
		Debug|Any CPU = Debug|Any CPU
		Release|Any CPU = Release|Any CPU
	EndGlobalSection
	GlobalSection(ProjectConfigurationPlatforms) = postSolution
		{5830AD8F-E7AE-4519-AA3B-91E65343ACA3}.Debug|Any CPU.ActiveCfg = Debug|Any CPU
		{5830AD8F-E7AE-4519-AA3B-91E65343ACA3}.Debug|Any CPU.Build.0 = Debug|Any CPU
		{5830AD8F-E7AE-4519-AA3B-91E65343ACA3}.Release|Any CPU.ActiveCfg = Release|Any CPU
		{5830AD8F-E7AE-4519-AA3B-91E65343ACA3}.Release|Any CPU.Build.0 = Release|Any CPU
	EndGlobalSection
	GlobalSection(SolutionProperties) = preSolution
		HideSolutionNode = FALSE
	EndGlobalSection
	GlobalSection(ExtensibilityGlobals) = postSolution
		SolutionGuid = {4C2648CB-C95D-4ED3-BB04-B43A9C09D622}
	EndGlobalSection
EndGlobal
